{
    "_readme": [
        "This file locks the dependencies of your project to a known state",
        "Read more about it at https://getcomposer.org/doc/01-basic-usage.md#installing-dependencies",
        "This file is @generated automatically"
    ],
    "content-hash": "19fc259f995304b6b8e3bb11ac0d17f2",
    "packages": [
        {
            "name": "gipfl/calendar",
            "version": "v0.1.1",
            "source": {
                "type": "git",
                "url": "https://github.com/gipfl/calendar.git",
                "reference": "c7838b7fad3d1475a27d2fb889770102ae71ce8e"
            },
            "dist": {
                "type": "zip",
                "url": "https://api.github.com/repos/gipfl/calendar/zipball/c7838b7fad3d1475a27d2fb889770102ae71ce8e",
                "reference": "c7838b7fad3d1475a27d2fb889770102ae71ce8e",
                "shasum": ""
            },
            "require": {
                "php": ">=5.4.0"
            },
            "type": "library",
            "autoload": {
                "psr-4": {
                    "gipfl\\Calendar\\": "src"
                }
            },
            "notification-url": "https://packagist.org/downloads/",
            "authors": [
                {
                    "name": "Thomas Gelf",
                    "email": "thomas@gelf.net"
                }
            ],
            "description": "Calendar Utils",
            "homepage": "https://github.com/gipfl/calendar",
            "keywords": [
                "calendar"
            ],
            "support": {
                "issues": "https://github.com/gipfl/calendar/issues",
                "source": "https://github.com/gipfl/calendar/tree/v0.1.1"
            },
            "time": "2019-03-26T05:43:27+00:00"
        },
        {
            "name": "gipfl/cli",
            "version": "v0.5.0",
            "source": {
                "type": "git",
                "url": "https://github.com/gipfl/cli.git",
                "reference": "7021d7ff1f0211164444346ae9569441514f6dc2"
            },
            "dist": {
                "type": "zip",
                "url": "https://api.github.com/repos/gipfl/cli/zipball/7021d7ff1f0211164444346ae9569441514f6dc2",
                "reference": "7021d7ff1f0211164444346ae9569441514f6dc2",
                "shasum": ""
            },
            "require": {
                "ext-mbstring": "*",
                "ext-pcntl": "*",
                "ext-posix": "*",
                "php": ">=5.6.0",
                "react/promise": "^2",
                "react/stream": "^1.1"
            },
            "type": "library",
            "autoload": {
                "psr-4": {
                    "gipfl\\Cli\\": "src"
                }
            },
            "notification-url": "https://packagist.org/downloads/",
            "license": [
                "MIT"
            ],
            "authors": [
                {
                    "name": "Thomas Gelf",
                    "email": "thomas@gelf.net"
                }
            ],
            "description": "CLI utilities",
            "support": {
                "issues": "https://github.com/gipfl/cli/issues",
                "source": "https://github.com/gipfl/cli/tree/v0.5.0"
            },
            "time": "2020-10-12T10:02:30+00:00"
        },
        {
            "name": "gipfl/curl",
            "version": "v0.1.1",
            "source": {
                "type": "git",
                "url": "https://github.com/gipfl/curl.git",
                "reference": "c2b6aaabbd9713000a25edde0fd09637d56a3dc2"
            },
            "dist": {
                "type": "zip",
                "url": "https://api.github.com/repos/gipfl/curl/zipball/c2b6aaabbd9713000a25edde0fd09637d56a3dc2",
                "reference": "c2b6aaabbd9713000a25edde0fd09637d56a3dc2",
                "shasum": ""
            },
            "require": {
                "ext-curl": "*",
                "guzzlehttp/psr7": ">=1.6",
                "php": ">=5.6.3",
                "psr/http-message": "^1.0",
                "react/event-loop": ">=1.0",
                "react/promise": ">=2",
                "react/stream": ">=1.0"
            },
            "type": "library",
            "autoload": {
                "psr-4": {
                    "gipfl\\Curl\\": "src"
                }
            },
            "notification-url": "https://packagist.org/downloads/",
            "license": [
                "MIT"
            ],
            "authors": [
                {
                    "name": "Thomas Gelf",
                    "email": "thomas@gelf.net"
                }
            ],
            "description": "ReactPHP-friendly async CURL abstraction",
            "support": {
                "issues": "https://github.com/gipfl/curl/issues",
                "source": "https://github.com/gipfl/curl/tree/v0.1.1"
            },
            "time": "2021-11-03T12:57:31+00:00"
        },
        {
            "name": "gipfl/db-migration",
            "version": "v0.1.0",
            "source": {
                "type": "git",
                "url": "https://github.com/gipfl/db-migration.git",
                "reference": "6a83bdfaf28a0787c26eb5021926a549357f52bf"
            },
            "dist": {
                "type": "zip",
                "url": "https://api.github.com/repos/gipfl/db-migration/zipball/6a83bdfaf28a0787c26eb5021926a549357f52bf",
                "reference": "6a83bdfaf28a0787c26eb5021926a549357f52bf",
                "shasum": ""
            },
            "require": {
                "php": ">=5.6"
            },
            "type": "library",
            "autoload": {
                "psr-4": {
                    "gipfl\\DbMigration\\": "src"
                }
            },
            "notification-url": "https://packagist.org/downloads/",
            "description": "Simple DB migration helper",
            "support": {
                "issues": "https://github.com/gipfl/db-migration/issues",
                "source": "https://github.com/gipfl/db-migration/tree/v0.1.0"
            },
            "time": "2021-10-13T07:49:24+00:00"
        },
        {
            "name": "gipfl/diff",
            "version": "v0.1.1",
            "source": {
                "type": "git",
                "url": "https://github.com/gipfl/diff.git",
                "reference": "64af329afe796420844c2d3b120cd4de1f6cc405"
            },
            "dist": {
                "type": "zip",
                "url": "https://api.github.com/repos/gipfl/diff/zipball/64af329afe796420844c2d3b120cd4de1f6cc405",
                "reference": "64af329afe796420844c2d3b120cd4de1f6cc405",
                "shasum": ""
            },
            "require": {
                "ext-mbstring": "*",
                "ipl/html": ">=0.2",
                "php": ">=5.6.0"
            },
            "type": "library",
            "autoload": {
                "psr-4": {
                    "gipfl\\Diff\\": "src"
                }
            },
            "notification-url": "https://packagist.org/downloads/",
            "license": [
                "MIT"
            ],
            "authors": [
                {
                    "name": "Thomas Gelf",
                    "email": "thomas@gelf.net"
                }
            ],
            "description": "php-diff wrapper supporting ipl/html",
            "support": {
                "issues": "https://github.com/gipfl/diff/issues",
                "source": "https://github.com/gipfl/diff/tree/v0.1.1"
            },
            "time": "2021-09-08T09:23:56+00:00"
        },
        {
            "name": "gipfl/icinga-bundles",
            "version": "v0.7.0",
            "source": {
                "type": "git",
                "url": "https://github.com/gipfl/icinga-bundles.git",
                "reference": "d28e12218c07174795e07d7ad235d3fac2a6be53"
            },
            "dist": {
                "type": "zip",
                "url": "https://api.github.com/repos/gipfl/icinga-bundles/zipball/d28e12218c07174795e07d7ad235d3fac2a6be53",
                "reference": "d28e12218c07174795e07d7ad235d3fac2a6be53",
                "shasum": ""
            },
            "require": {
                "ext-json": "*"
            },
            "replace": {
                "clue/block-react": "v1.4.0",
                "clue/buzz-react": "v2.7.0",
                "clue/connection-manager-extra": "v1.1.0",
                "clue/http-proxy-react": "v1.5.0",
                "clue/mq-react": "v1.2.0",
                "clue/redis-protocol": "v0.3.1",
                "clue/redis-react": "v2.3.0",
                "clue/soap-react": "v1.0.0",
                "clue/socket-raw": "v1.4.1",
                "clue/socks-react": "v1.1.0",
                "clue/stdio-react": "v2.3.0",
                "clue/term-react": "v1.2.0",
                "clue/utf8-react": "v1.1.0",
                "evenement/evenement": "v2.1.0",
                "guzzlehttp/psr7": "1.6.1",
                "ipl/html": "v0.3.0",
                "ipl/orm": "v0.1.0",
                "ipl/sql": "v0.1.0",
                "ipl/stdlib": "v0.5.0",
                "ipl/validator": "v0.1.0",
                "ipl/web": "v0.1.0",
                "paragonie/random_compat": "v2.0.18",
                "predis/predis": "v1.1.6",
                "psr/http-message": "1.0.1",
                "ralouphie/getallheaders": "3.0.3",
                "ramsey/uuid": "3.9.3",
                "react/cache": "v1.1.0",
                "react/child-process": "v0.6.1",
                "react/datagram": "v1.5.0",
                "react/dns": "v1.4.0",
                "react/event-loop": "v1.1.1",
                "react/http": "v1.1.0",
                "react/http-client": "v0.5.10",
                "react/promise": "v2.8.0",
                "react/promise-stream": "v1.2.0",
                "react/promise-timer": "v1.6.0",
                "react/socket": "v1.6.0",
                "react/stream": "v1.1.1",
                "ringcentral/psr7": "1.3.0",
                "symfony/polyfill-ctype": "v1.18.1"
            },
            "type": "metapackage",
            "notification-url": "https://packagist.org/downloads/",
            "license": [
                "MIT"
            ],
            "authors": [
                {
                    "name": "Thomas Gelf",
                    "email": "thomas@gelf.net"
                }
            ],
            "description": "Provides (replaces) all packages provided by ipl and reactbundle",
            "support": {
                "issues": "https://github.com/gipfl/icinga-bundles/issues",
                "source": "https://github.com/gipfl/icinga-bundles/tree/v0.7.0"
            },
            "time": "2020-10-08T17:20:30+00:00"
        },
        {
            "name": "gipfl/icinga-cli-daemon",
            "version": "v0.3.2",
            "source": {
                "type": "git",
                "url": "https://github.com/gipfl/icinga-cli-daemon.git",
                "reference": "19e1b203108fda37de39488fd8ff7ea392a42f03"
            },
            "dist": {
                "type": "zip",
                "url": "https://api.github.com/repos/gipfl/icinga-cli-daemon/zipball/19e1b203108fda37de39488fd8ff7ea392a42f03",
                "reference": "19e1b203108fda37de39488fd8ff7ea392a42f03",
                "shasum": ""
            },
            "require": {
                "ext-posix": "*",
                "gipfl/cli": ">=0.5.0",
                "php": ">=5.6.3",
                "react/event-loop": ">=1.1",
                "react/promise": ">=2.7"
            },
            "type": "library",
            "autoload": {
                "psr-4": {
                    "gipfl\\IcingaCliDaemon\\": "src/"
                }
            },
            "notification-url": "https://packagist.org/downloads/",
            "description": "Helpers for Icinga CLI Daemons",
            "homepage": "https://github.com/gipfl/icinga-cli-daemon",
            "support": {
                "issues": "https://github.com/gipfl/icinga-cli-daemon/issues",
                "source": "https://github.com/gipfl/icinga-cli-daemon/tree/v0.3.2"
            },
            "time": "2021-10-13T08:49:48+00:00"
        },
        {
            "name": "gipfl/icingaweb2",
            "version": "v0.3.0",
            "source": {
                "type": "git",
                "url": "https://github.com/gipfl/icingaweb2.git",
                "reference": "ed2c399ed7366a36db8b5edcefe94cefc6aa8ae8"
            },
            "dist": {
                "type": "zip",
                "url": "https://api.github.com/repos/gipfl/icingaweb2/zipball/ed2c399ed7366a36db8b5edcefe94cefc6aa8ae8",
                "reference": "ed2c399ed7366a36db8b5edcefe94cefc6aa8ae8",
                "shasum": ""
            },
            "require": {
                "ext-ctype": "*",
                "gipfl/translation": ">=0.1",
                "ipl/html": ">=0.2.1",
                "php": ">=5.6"
            },
            "type": "library",
            "autoload": {
                "psr-4": {
                    "gipfl\\IcingaWeb2\\": "src/"
                }
            },
            "notification-url": "https://packagist.org/downloads/",
            "description": "Helpers and glue for Icinga Web 2",
            "homepage": "https://github.com/gipfl/icingaweb2",
            "support": {
                "issues": "https://github.com/gipfl/icingaweb2/issues",
                "source": "https://github.com/gipfl/icingaweb2/tree/v0.3.0"
            },
            "time": "2021-10-13T04:34:40+00:00"
        },
        {
            "name": "gipfl/influxdb",
            "version": "v0.2.0",
            "source": {
                "type": "git",
                "url": "https://github.com/gipfl/influxdb.git",
                "reference": "2d327db6292db0227b2e575d6940f03c5e537380"
            },
            "dist": {
                "type": "zip",
                "url": "https://api.github.com/repos/gipfl/influxdb/zipball/2d327db6292db0227b2e575d6940f03c5e537380",
                "reference": "2d327db6292db0227b2e575d6940f03c5e537380",
                "shasum": ""
            },
            "require": {
                "ext-ctype": "*",
                "ext-pcntl": "*",
                "gipfl/curl": "@dev",
                "gipfl/json": "^0.1.0",
                "php": ">=5.6.0",
                "react/event-loop": ">=1.1"
            },
            "type": "library",
            "autoload": {
                "psr-4": {
                    "gipfl\\InfluxDb\\": "src/"
                }
            },
            "notification-url": "https://packagist.org/downloads/",
            "license": [
                "MIT"
            ],
            "authors": [
                {
                    "name": "Thomas Gelf",
                    "email": "thomas@gelf.net"
                }
            ],
            "description": "InfluxDB client library",
            "support": {
                "issues": "https://github.com/gipfl/influxdb/issues",
                "source": "https://github.com/gipfl/influxdb/tree/v0.2.0"
            },
            "time": "2021-11-09T10:52:21+00:00"
        },
        {
            "name": "gipfl/json",
            "version": "v0.1.0",
            "source": {
                "type": "git",
                "url": "https://github.com/gipfl/json.git",
                "reference": "223501a5af4a82be1b761d6265e0dfaea860ad60"
            },
            "dist": {
                "type": "zip",
                "url": "https://api.github.com/repos/gipfl/json/zipball/223501a5af4a82be1b761d6265e0dfaea860ad60",
                "reference": "223501a5af4a82be1b761d6265e0dfaea860ad60",
                "shasum": ""
            },
            "require": {
                "ext-json": "*"
            },
            "type": "library",
            "autoload": {
                "psr-4": {
                    "gipfl\\Json\\": "src/"
                }
            },
            "notification-url": "https://packagist.org/downloads/",
            "license": [
                "MIT"
            ],
            "authors": [
                {
                    "name": "Thomas Gelf",
                    "email": "thomas@gelf.net"
                }
            ],
            "description": "Simple JSON-related helper classes and interfaces",
            "support": {
                "issues": "https://github.com/gipfl/json/issues",
                "source": "https://github.com/gipfl/json/tree/v0.1.0"
            },
            "time": "2021-10-26T09:29:59+00:00"
        },
        {
            "name": "gipfl/linux-health",
            "version": "v0.2.0",
            "source": {
                "type": "git",
                "url": "https://github.com/gipfl/linux-health.git",
                "reference": "4d212535565f353f88c9eef3ecb54e20c40b8b37"
            },
            "dist": {
                "type": "zip",
                "url": "https://api.github.com/repos/gipfl/linux-health/zipball/4d212535565f353f88c9eef3ecb54e20c40b8b37",
                "reference": "4d212535565f353f88c9eef3ecb54e20c40b8b37",
                "shasum": ""
            },
            "require": {
                "php": ">=5.4.0"
            },
            "type": "library",
            "autoload": {
                "psr-4": {
                    "gipfl\\LinuxHealth\\": "src"
                }
            },
            "notification-url": "https://packagist.org/downloads/",
            "license": [
                "MIT"
            ],
            "authors": [
                {
                    "name": "Thomas Gelf",
                    "email": "thomas@gelf.net"
                }
            ],
            "description": "Various little Linux Health based classes",
            "support": {
                "issues": "https://github.com/gipfl/linux-health/issues",
                "source": "https://github.com/gipfl/linux-health/tree/master"
            },
            "time": "2020-07-30T09:11:27+00:00"
        },
        {
            "name": "gipfl/log",
            "version": "v0.6.0",
            "source": {
                "type": "git",
                "url": "https://github.com/gipfl/log.git",
                "reference": "8a26bd8f99e65ac659856a50c712ab76aebf7fff"
            },
            "dist": {
                "type": "zip",
                "url": "https://api.github.com/repos/gipfl/log/zipball/8a26bd8f99e65ac659856a50c712ab76aebf7fff",
                "reference": "8a26bd8f99e65ac659856a50c712ab76aebf7fff",
                "shasum": ""
            },
            "require": {
                "ext-iconv": "*",
                "php": ">=5.6.0",
                "psr/log": "^1"
            },
            "require-dev": {
                "gipfl/protocol-jsonrpc": ">=0.2",
                "gipfl/systemd": ">=0.3"
            },
            "type": "library",
            "autoload": {
                "psr-4": {
                    "gipfl\\Log\\": "src"
                }
            },
            "notification-url": "https://packagist.org/downloads/",
            "license": [
                "MIT"
            ],
            "authors": [
                {
                    "name": "Thomas Gelf",
                    "email": "thomas@gelf.net"
                }
            ],
            "description": "Lightweight PSR-3 compatible logger",
            "support": {
                "issues": "https://github.com/gipfl/log/issues",
                "source": "https://github.com/gipfl/log/tree/v0.6.0"
            },
            "time": "2021-11-08T22:17:23+00:00"
        },
        {
            "name": "gipfl/openrpc",
            "version": "v0.1.0",
            "source": {
                "type": "git",
                "url": "https://github.com/gipfl/openrpc.git",
                "reference": "41394909ce246223979e3f81f671b6ccce5d137f"
            },
            "dist": {
                "type": "zip",
                "url": "https://api.github.com/repos/gipfl/openrpc/zipball/41394909ce246223979e3f81f671b6ccce5d137f",
                "reference": "41394909ce246223979e3f81f671b6ccce5d137f",
                "shasum": ""
            },
            "require": {
                "ext-json": "*",
                "php": ">=5.6.0"
            },
            "type": "library",
            "autoload": {
                "psr-4": {
                    "gipfl\\OpenRpc\\": "src"
                }
            },
            "notification-url": "https://packagist.org/downloads/",
            "license": [
                "MIT"
            ],
            "authors": [
                {
                    "name": "Thomas Gelf",
                    "email": "thomas@gelf.net"
                }
            ],
            "description": "OpenRPC Connection implementation",
            "support": {
                "issues": "https://github.com/gipfl/openrpc/issues",
                "source": "https://github.com/gipfl/openrpc/tree/v0.1.0"
            },
            "time": "2021-01-21T09:24:40+00:00"
        },
        {
            "name": "gipfl/process",
            "version": "v0.2.0",
            "source": {
                "type": "git",
                "url": "https://github.com/gipfl/process.git",
                "reference": "4e41dbd9b40e499c6cd1bccb4afd640ba25ca0dc"
            },
            "dist": {
                "type": "zip",
                "url": "https://api.github.com/repos/gipfl/process/zipball/4e41dbd9b40e499c6cd1bccb4afd640ba25ca0dc",
                "reference": "4e41dbd9b40e499c6cd1bccb4afd640ba25ca0dc",
                "shasum": ""
            },
            "require": {
                "ext-json": "*",
                "gipfl/json": ">=0.1",
                "gipfl/linux-health": ">=0.2",
                "php": ">=5.6.0",
                "react/child-process": ">=0.6",
                "react/promise": "^2"
            },
            "type": "library",
            "autoload": {
                "psr-4": {
                    "gipfl\\Process\\": "src/"
                }
            },
            "notification-url": "https://packagist.org/downloads/",
            "license": [
                "MIT"
            ],
            "authors": [
                {
                    "name": "Thomas Gelf",
                    "email": "thomas@gelf.net"
                }
            ],
            "description": "Process-related utility classes",
            "support": {
                "issues": "https://github.com/gipfl/process/issues",
                "source": "https://github.com/gipfl/process/tree/v0.2.0"
            },
            "time": "2021-11-11T14:57:14+00:00"
        },
        {
            "name": "gipfl/protocol",
            "version": "v0.2.0",
            "source": {
                "type": "git",
                "url": "https://github.com/gipfl/protocol.git",
                "reference": "bf1a0e160fe6f74c6be60be569c466d57551e73d"
            },
            "dist": {
                "type": "zip",
                "url": "https://api.github.com/repos/gipfl/protocol/zipball/bf1a0e160fe6f74c6be60be569c466d57551e73d",
                "reference": "bf1a0e160fe6f74c6be60be569c466d57551e73d",
                "shasum": ""
            },
            "require": {
                "evenement/evenement": "^2",
                "php": ">=5.4.0",
                "react/stream": "^1.0"
            },
            "type": "library",
            "autoload": {
                "psr-4": {
                    "gipfl\\Protocol\\Exception\\": "src/Exception",
                    "gipfl\\Protocol\\Generic\\": "src/Generic"
                }
            },
            "notification-url": "https://packagist.org/downloads/",
            "license": [
                "MIT"
            ],
            "authors": [
                {
                    "name": "Thomas Gelf",
                    "email": "thomas@gelf.net"
                }
            ],
            "description": "Base library for some network protocol implementations",
            "support": {
                "issues": "https://github.com/gipfl/protocol/issues",
                "source": "https://github.com/gipfl/protocol/tree/v0.2.0"
            },
            "time": "2020-09-22T04:22:23+00:00"
        },
        {
            "name": "gipfl/protocol-jsonrpc",
            "version": "v0.6.0",
            "source": {
                "type": "git",
                "url": "https://github.com/gipfl/protocol-jsonrpc.git",
                "reference": "9881d7385238ba61dab6dd86e85132a010089ce1"
            },
            "dist": {
                "type": "zip",
                "url": "https://api.github.com/repos/gipfl/protocol-jsonrpc/zipball/9881d7385238ba61dab6dd86e85132a010089ce1",
                "reference": "9881d7385238ba61dab6dd86e85132a010089ce1",
                "shasum": ""
            },
            "require": {
                "gipfl/json": ">=0.1",
                "gipfl/openrpc": "^0.1.0",
                "gipfl/protocol": ">=0.2",
                "php": ">=5.6.0",
                "psr/log": "^1.1",
                "react/promise": ">=2.7",
                "react/stream": ">=1.0"
            },
            "type": "library",
            "autoload": {
                "psr-4": {
                    "gipfl\\Protocol\\JsonRpc\\": "src"
                }
            },
            "notification-url": "https://packagist.org/downloads/",
            "license": [
                "MIT"
            ],
            "authors": [
                {
                    "name": "Thomas Gelf",
                    "email": "thomas@gelf.net"
                }
            ],
            "description": "JsonRPC Connection implementation",
            "support": {
                "issues": "https://github.com/gipfl/protocol-jsonrpc/issues",
                "source": "https://github.com/gipfl/protocol-jsonrpc/tree/v0.6.0"
            },
            "time": "2021-11-11T14:49:42+00:00"
        },
        {
            "name": "gipfl/protocol-netstring",
            "version": "v0.1.1",
            "source": {
                "type": "git",
                "url": "https://github.com/gipfl/protocol-netstring.git",
                "reference": "c0021ea9d69883760ac176121041a05c9a51ca11"
            },
            "dist": {
                "type": "zip",
                "url": "https://api.github.com/repos/gipfl/protocol-netstring/zipball/c0021ea9d69883760ac176121041a05c9a51ca11",
                "reference": "c0021ea9d69883760ac176121041a05c9a51ca11",
                "shasum": ""
            },
            "require": {
                "ext-ctype": "*",
                "gipfl/protocol": ">=0.2",
                "php": ">=5.4.0"
            },
            "type": "library",
            "autoload": {
                "psr-4": {
                    "gipfl\\Protocol\\NetString\\": "src"
                }
            },
            "notification-url": "https://packagist.org/downloads/",
            "license": [
                "MIT"
            ],
            "authors": [
                {
                    "name": "Thomas Gelf",
                    "email": "thomas@gelf.net"
                }
            ],
            "description": "Simple NetString stream wrapper",
            "support": {
                "issues": "https://github.com/gipfl/protocol-netstring/issues",
                "source": "https://github.com/gipfl/protocol-netstring/tree/v0.1.1"
            },
            "time": "2020-10-08T23:38:20+00:00"
        },
        {
            "name": "gipfl/react-utils",
            "version": "v0.3.0",
            "source": {
                "type": "git",
                "url": "https://github.com/gipfl/react-utils.git",
                "reference": "37ff2daa4bcc36aced4cc9df5198caad519d7bdb"
            },
            "dist": {
                "type": "zip",
                "url": "https://api.github.com/repos/gipfl/react-utils/zipball/37ff2daa4bcc36aced4cc9df5198caad519d7bdb",
                "reference": "37ff2daa4bcc36aced4cc9df5198caad519d7bdb",
                "shasum": ""
            },
            "require": {
                "gipfl/log": ">=0.1",
                "php": ">=5.6.0"
            },
            "type": "library",
            "autoload": {
                "psr-4": {
                    "gipfl\\ReactUtils\\": "src"
                }
            },
            "notification-url": "https://packagist.org/downloads/",
            "license": [
                "MIT"
            ],
            "authors": [
                {
                    "name": "Thomas Gelf",
                    "email": "thomas@gelf.net"
                }
            ],
            "description": "Useful ReactPHP-related helper classes and methods",
            "support": {
                "issues": "https://github.com/gipfl/react-utils/issues",
                "source": "https://github.com/gipfl/react-utils/tree/v0.3.0"
            },
            "time": "2021-10-29T12:17:04+00:00"
        },
        {
            "name": "gipfl/simple-daemon",
            "version": "v0.3.0",
            "source": {
                "type": "git",
                "url": "https://github.com/gipfl/simple-daemon.git",
                "reference": "3347afdc15da2f3525a9ac7bef3c1913c598a4ed"
            },
            "dist": {
                "type": "zip",
                "url": "https://api.github.com/repos/gipfl/simple-daemon/zipball/3347afdc15da2f3525a9ac7bef3c1913c598a4ed",
                "reference": "3347afdc15da2f3525a9ac7bef3c1913c598a4ed",
                "shasum": ""
            },
            "require": {
                "evenement/evenement": "*",
                "ext-pcntl": "*",
                "gipfl/json": ">=0.1",
                "gipfl/systemd": ">=0.3",
                "php": ">=5.6.0",
                "psr/log": ">=1.0",
                "react/event-loop": ">=1.1",
                "react/promise": "^2"
            },
            "type": "library",
            "autoload": {
                "psr-4": {
                    "gipfl\\SimpleDaemon\\": "src/"
                }
            },
            "notification-url": "https://packagist.org/downloads/",
            "license": [
                "MIT"
            ],
            "authors": [
                {
                    "name": "Thomas Gelf",
                    "email": "thomas@gelf.net"
                }
            ],
            "description": "Run a simple daemon",
            "support": {
                "issues": "https://github.com/gipfl/simple-daemon/issues",
                "source": "https://github.com/gipfl/simple-daemon/tree/v0.3.0"
            },
            "time": "2021-11-09T13:47:05+00:00"
        },
        {
            "name": "gipfl/socket",
            "version": "v0.3.0",
            "source": {
                "type": "git",
                "url": "https://github.com/gipfl/socket.git",
                "reference": "529a42f6a642c2f042302577ea7444c5a8e0f716"
            },
            "dist": {
                "type": "zip",
                "url": "https://api.github.com/repos/gipfl/socket/zipball/529a42f6a642c2f042302577ea7444c5a8e0f716",
                "reference": "529a42f6a642c2f042302577ea7444c5a8e0f716",
                "shasum": ""
            },
            "require": {
                "evenement/evenement": ">=2.0",
                "ext-posix": "*",
                "ext-sockets": "*",
                "gipfl/json": ">=0.1",
                "php": ">=5.6.0",
                "react/event-loop": ">=1.0",
                "react/socket": ">=1.0"
            },
            "type": "library",
            "autoload": {
                "psr-4": {
                    "gipfl\\Socket\\": "src/"
                }
            },
            "notification-url": "https://packagist.org/downloads/",
            "license": [
                "MIT"
            ],
            "authors": [
                {
                    "name": "Thomas Gelf",
                    "email": "thomas@gelf.net"
                }
            ],
            "description": "Helpful ReactPHP socket utility classes",
            "support": {
                "issues": "https://github.com/gipfl/socket/issues",
                "source": "https://github.com/gipfl/socket/tree/v0.3.0"
            },
            "time": "2021-11-10T17:11:28+00:00"
        },
        {
            "name": "gipfl/stream",
            "version": "v0.1.0",
            "source": {
                "type": "git",
                "url": "https://github.com/gipfl/stream.git",
                "reference": "6d3dc7730a9b49aea95ab64116488e52c71f8005"
            },
            "dist": {
                "type": "zip",
                "url": "https://api.github.com/repos/gipfl/stream/zipball/6d3dc7730a9b49aea95ab64116488e52c71f8005",
                "reference": "6d3dc7730a9b49aea95ab64116488e52c71f8005",
                "shasum": ""
            },
            "require": {
                "react/event-loop": ">=1.0",
                "react/stream": ">=1.0"
            },
            "require-dev": {
                "gipfl/test": ">=0.1.1"
            },
            "type": "library",
            "autoload": {
                "psr-4": {
                    "gipfl\\Stream\\": "src/"
                }
            },
            "notification-url": "https://packagist.org/downloads/",
            "license": [
                "MIT"
            ],
            "authors": [
                {
                    "name": "Thomas Gelf",
                    "email": "thomas@gelf.net"
                }
            ],
            "description": "Helpful ReactPHP stream utility classes",
            "support": {
                "issues": "https://github.com/gipfl/stream/issues",
                "source": "https://github.com/gipfl/stream/tree/v0.1.0"
            },
            "time": "2021-10-30T09:45:51+00:00"
        },
        {
            "name": "gipfl/systemd",
            "version": "v0.3.0",
            "source": {
                "type": "git",
                "url": "https://github.com/gipfl/systemd.git",
                "reference": "ccfabb352a9ea9fd33d4cb426bc3793a651bf466"
            },
            "dist": {
                "type": "zip",
                "url": "https://api.github.com/repos/gipfl/systemd/zipball/ccfabb352a9ea9fd33d4cb426bc3793a651bf466",
                "reference": "ccfabb352a9ea9fd33d4cb426bc3793a651bf466",
                "shasum": ""
            },
            "require": {
                "ext-posix": "*",
                "ext-sockets": "*",
                "php": ">=5.6.3",
                "react/event-loop": "^1.0"
            },
            "type": "library",
            "autoload": {
                "psr-4": {
                    "gipfl\\SystemD\\": "src"
                }
            },
            "notification-url": "https://packagist.org/downloads/",
            "license": [
                "MIT"
            ],
            "authors": [
                {
                    "name": "Thomas Gelf",
                    "email": "thomas@gelf.net"
                }
            ],
            "description": "SystemD-related library",
            "support": {
                "issues": "https://github.com/gipfl/systemd/issues",
                "source": "https://github.com/gipfl/systemd/tree/v0.3.0"
            },
            "time": "2020-11-13T22:35:11+00:00"
        },
        {
            "name": "gipfl/translation",
            "version": "v0.1.1",
            "source": {
                "type": "git",
                "url": "https://github.com/gipfl/translation.git",
                "reference": "e974e6a2f0b524678b6554ee0046b5dd5f70a25d"
            },
            "dist": {
                "type": "zip",
                "url": "https://api.github.com/repos/gipfl/translation/zipball/e974e6a2f0b524678b6554ee0046b5dd5f70a25d",
                "reference": "e974e6a2f0b524678b6554ee0046b5dd5f70a25d",
                "shasum": ""
            },
            "require": {
                "php": ">=5.4.0"
            },
            "type": "library",
            "autoload": {
                "psr-4": {
                    "gipfl\\Translation\\": "src"
                }
            },
            "notification-url": "https://packagist.org/downloads/",
            "license": [
                "MIT"
            ],
            "authors": [
                {
                    "name": "Thomas Gelf",
                    "email": "thomas@gelf.net"
                }
            ],
            "description": "Translation helpers",
            "support": {
                "issues": "https://github.com/gipfl/translation/issues",
                "source": "https://github.com/gipfl/translation/tree/master"
            },
            "time": "2019-09-17T20:36:20+00:00"
        },
        {
            "name": "gipfl/web",
            "version": "v0.7.2",
            "source": {
                "type": "git",
                "url": "https://github.com/gipfl/web.git",
                "reference": "6a4e86cebe9c14afa6281100ee51475b4dc69ec2"
            },
            "dist": {
                "type": "zip",
                "url": "https://api.github.com/repos/gipfl/web/zipball/6a4e86cebe9c14afa6281100ee51475b4dc69ec2",
                "reference": "6a4e86cebe9c14afa6281100ee51475b4dc69ec2",
                "shasum": ""
            },
            "require": {
                "gipfl/translation": ">=0.1",
                "ipl/html": ">=0.3",
                "php": ">=5.6.0"
            },
            "type": "library",
            "autoload": {
                "psr-4": {
                    "gipfl\\Web\\": "src"
                }
            },
            "notification-url": "https://packagist.org/downloads/",
            "license": [
                "MIT"
            ],
            "authors": [
                {
                    "name": "Thomas Gelf",
                    "email": "thomas@gelf.net"
                }
            ],
            "description": "Various web widgets",
            "support": {
                "issues": "https://github.com/gipfl/web/issues",
                "source": "https://github.com/gipfl/web/tree/v0.7.2"
            },
            "time": "2021-11-05T14:59:41+00:00"
        },
        {
            "name": "gipfl/zfdb",
            "version": "v0.2.0",
            "source": {
                "type": "git",
                "url": "https://github.com/gipfl/zfdb.git",
                "reference": "0d2a79d2c7f5dcb94527e9a872478cc12a5ddf35"
            },
            "dist": {
                "type": "zip",
                "url": "https://api.github.com/repos/gipfl/zfdb/zipball/0d2a79d2c7f5dcb94527e9a872478cc12a5ddf35",
                "reference": "0d2a79d2c7f5dcb94527e9a872478cc12a5ddf35",
                "shasum": ""
            },
            "require": {
                "php": ">=5.4"
            },
            "type": "library",
            "autoload": {
                "psr-4": {
                    "gipfl\\ZfDb\\": "src"
                }
            },
            "notification-url": "https://packagist.org/downloads/",
            "description": "Zend_Db from Zend Framework 1. For compatibility reasons only",
            "support": {
                "issues": "https://github.com/gipfl/zfdb/issues",
                "source": "https://github.com/gipfl/zfdb/tree/v0.2.0"
            },
            "time": "2021-03-25T03:37:45+00:00"
        },
        {
            "name": "gipfl/zfdbstore",
            "version": "0.2.2",
            "source": {
                "type": "git",
                "url": "https://github.com/gipfl/zfdbstore.git",
                "reference": "1fa1f7ea2a24a0536681923a30f8ccb4e2a3b377"
            },
            "dist": {
                "type": "zip",
                "url": "https://api.github.com/repos/gipfl/zfdbstore/zipball/1fa1f7ea2a24a0536681923a30f8ccb4e2a3b377",
                "reference": "1fa1f7ea2a24a0536681923a30f8ccb4e2a3b377",
                "shasum": ""
            },
            "require": {
                "php": ">=5.6"
            },
            "type": "library",
            "autoload": {
                "psr-4": {
                    "gipfl\\ZfDbStore\\": "src"
                }
            },
            "notification-url": "https://packagist.org/downloads/",
            "description": "Storable class helpers for ZfDb",
            "support": {
                "issues": "https://github.com/gipfl/zfdbstore/issues",
                "source": "https://github.com/gipfl/zfdbstore/tree/0.2.2"
            },
            "time": "2021-11-05T17:49:57+00:00"
        },
        {
            "name": "psr/log",
            "version": "1.1.4",
            "source": {
                "type": "git",
                "url": "https://github.com/php-fig/log.git",
                "reference": "d49695b909c3b7628b6289db5479a1c204601f11"
            },
            "dist": {
                "type": "zip",
                "url": "https://api.github.com/repos/php-fig/log/zipball/d49695b909c3b7628b6289db5479a1c204601f11",
                "reference": "d49695b909c3b7628b6289db5479a1c204601f11",
                "shasum": ""
            },
            "require": {
                "php": ">=5.3.0"
            },
            "type": "library",
            "extra": {
                "branch-alias": {
                    "dev-master": "1.1.x-dev"
                }
            },
            "autoload": {
                "psr-4": {
                    "Psr\\Log\\": "Psr/Log/"
                }
            },
            "notification-url": "https://packagist.org/downloads/",
            "license": [
                "MIT"
            ],
            "authors": [
                {
                    "name": "PHP-FIG",
                    "homepage": "https://www.php-fig.org/"
                }
            ],
            "description": "Common interface for logging libraries",
            "homepage": "https://github.com/php-fig/log",
            "keywords": [
                "log",
                "psr",
                "psr-3"
            ],
            "support": {
                "source": "https://github.com/php-fig/log/tree/1.1.4"
            },
            "time": "2021-05-03T11:20:27+00:00"
        }
    ],
    "packages-dev": [],
    "aliases": [],
    "minimum-stability": "stable",
    "stability-flags": [],
    "prefer-stable": false,
    "prefer-lowest": false,
    "platform": {
        "php": ">=5.6.3",
        "ext-ctype": "*"
    },
    "platform-dev": [],
    "platform-overrides": {
        "php": "5.6.3"
    },
    "plugin-api-version": "2.1.0"
}
